
Microsoft Visual Studio Solution File, Format Version 12.00
# Visual Studio Version 17
VisualStudioVersion = 17.7.34018.315
MinimumVisualStudioVersion = 10.0.40219.1
Project("{FAE04EC0-301F-11D3-BF4B-00C04F79EFBC}") = "bootcamp_newsolution_console", "bootcamp_newsolution_console\bootcamp_newsolution_console.csproj", "{1DC3AD86-3DAB-49C8-805D-80740432E6AD}"
EndProject
Global
	GlobalSection(SolutionConfigurationPlatforms) = preSolution
		Debug|Any CPU = Debug|Any CPU
		Release|Any CPU = Release|Any CPU
	EndGlobalSection
	GlobalSection(ProjectConfigurationPlatforms) = postSolution
		{1DC3AD86-3DAB-49C8-805D-80740432E6AD}.Debug|Any CPU.ActiveCfg = Debug|Any CPU
		{1DC3AD86-3DAB-49C8-805D-80740432E6AD}.Debug|Any CPU.Build.0 = Debug|Any CPU
		{1DC3AD86-3DAB-49C8-805D-80740432E6AD}.Release|Any CPU.ActiveCfg = Release|Any CPU
		{1DC3AD86-3DAB-49C8-805D-80740432E6AD}.Release|Any CPU.Build.0 = Release|Any CPU
	EndGlobalSection
	GlobalSection(SolutionProperties) = preSolution
		HideSolutionNode = FALSE
	EndGlobalSection
	GlobalSection(ExtensibilityGlobals) = postSolution
		SolutionGuid = {FA123F72-11C7-4ED7-B87E-16CACCA4BF85}
	EndGlobalSection
EndGlobal
